
Microsoft Visual Studio Solution File, Format Version 12.00
# Visual Studio Version 16
VisualStudioVersion = 25.0.1706.8
MinimumVisualStudioVersion = 10.0.40219.1
Project("{FAE04EC0-301F-11D3-BF4B-00C04F79EFBC}") = "MovieApi", "MovieApi.csproj", "{9870983A-06E8-448E-9FF8-1D36E610471A}"
EndProject
Global
	GlobalSection(SolutionConfigurationPlatforms) = preSolution
		Debug|Any CPU = Debug|Any CPU
		Release|Any CPU = Release|Any CPU
	EndGlobalSection
	GlobalSection(ProjectConfigurationPlatforms) = postSolution
		{9870983A-06E8-448E-9FF8-1D36E610471A}.Debug|Any CPU.ActiveCfg = Debug|Any CPU
		{9870983A-06E8-448E-9FF8-1D36E610471A}.Debug|Any CPU.Build.0 = Debug|Any CPU
		{9870983A-06E8-448E-9FF8-1D36E610471A}.Release|Any CPU.ActiveCfg = Release|Any CPU
		{9870983A-06E8-448E-9FF8-1D36E610471A}.Release|Any CPU.Build.0 = Release|Any CPU
	EndGlobalSection
	GlobalSection(SolutionProperties) = preSolution
		HideSolutionNode = FALSE
	EndGlobalSection
	GlobalSection(ExtensibilityGlobals) = postSolution
		SolutionGuid = {0B8B4F2E-9514-4F02-8DA1-27F9D3C8F145}
	EndGlobalSection
EndGlobal
